
Microsoft Visual Studio Solution File, Format Version 12.00
# Visual Studio Version 17
VisualStudioVersion = 17.4.33213.308
MinimumVisualStudioVersion = 10.0.40219.1
Project("{9A19103F-16F7-4668-BE54-9A1E7A4F7556}") = "Code Prototype", "Code Prototype\Code Prototype.csproj", "{0262216C-D7AB-4DE1-8E23-6C6B84AA2BC6}"
EndProject
Project("{FAE04EC0-301F-11D3-BF4B-00C04F79EFBC}") = "Server", "server\Server.csproj", "{7BF626C0-AD81-42C5-9540-5253F8D7F392}"
EndProject
Project("{9A19103F-16F7-4668-BE54-9A1E7A4F7556}") = "Sample_Client_Test", "Sample_Client_Test\Sample_Client_Test.csproj", "{453CBF35-A426-4721-94AB-0A65505C6443}"
EndProject
Project("{9A19103F-16F7-4668-BE54-9A1E7A4F7556}") = "Sample_Multiple_Client_Test", "Sample_Multiple_Client_Test\Sample_Multiple_Client_Test.csproj", "{23881DA5-B999-4D71-A094-CBCB0AFBD917}"
EndProject
Project("{FAE04EC0-301F-11D3-BF4B-00C04F79EFBC}") = "Client.Android", "Client\Client.Android\Client.Android.csproj", "{EEEEAFDA-E1D0-427D-8C38-BCB7D3F79C38}"
EndProject
Project("{FAE04EC0-301F-11D3-BF4B-00C04F79EFBC}") = "Client.iOS", "Client\Client.iOS\Client.iOS.csproj", "{F7B64306-A7C4-42B5-AC34-070A7218F022}"
EndProject
Project("{9A19103F-16F7-4668-BE54-9A1E7A4F7556}") = "Client", "Client\Client\Client.csproj", "{9C0FDDD8-5B37-419E-A53D-8A2A837C8EDF}"
EndProject
Project("{FAE04EC0-301F-11D3-BF4B-00C04F79EFBC}") = "Server_Testing_Seperatly", "Server_Testing_Seperatly\Server_Testing_Seperatly.csproj", "{CB26CAB4-318F-4FA5-BDA9-F03D72AD1BFF}"
EndProject
Global
	GlobalSection(SolutionConfigurationPlatforms) = preSolution
		Debug|Any CPU = Debug|Any CPU
		Debug|iPhone = Debug|iPhone
		Debug|iPhoneSimulator = Debug|iPhoneSimulator
		Release|Any CPU = Release|Any CPU
		Release|iPhone = Release|iPhone
		Release|iPhoneSimulator = Release|iPhoneSimulator
	EndGlobalSection
	GlobalSection(ProjectConfigurationPlatforms) = postSolution
		{0262216C-D7AB-4DE1-8E23-6C6B84AA2BC6}.Debug|Any CPU.ActiveCfg = Debug|Any CPU
		{0262216C-D7AB-4DE1-8E23-6C6B84AA2BC6}.Debug|Any CPU.Build.0 = Debug|Any CPU
		{0262216C-D7AB-4DE1-8E23-6C6B84AA2BC6}.Debug|iPhone.ActiveCfg = Debug|Any CPU
		{0262216C-D7AB-4DE1-8E23-6C6B84AA2BC6}.Debug|iPhone.Build.0 = Debug|Any CPU
		{0262216C-D7AB-4DE1-8E23-6C6B84AA2BC6}.Debug|iPhoneSimulator.ActiveCfg = Debug|Any CPU
		{0262216C-D7AB-4DE1-8E23-6C6B84AA2BC6}.Debug|iPhoneSimulator.Build.0 = Debug|Any CPU
		{0262216C-D7AB-4DE1-8E23-6C6B84AA2BC6}.Release|Any CPU.ActiveCfg = Release|Any CPU
		{0262216C-D7AB-4DE1-8E23-6C6B84AA2BC6}.Release|Any CPU.Build.0 = Release|Any CPU
		{0262216C-D7AB-4DE1-8E23-6C6B84AA2BC6}.Release|iPhone.ActiveCfg = Release|Any CPU
		{0262216C-D7AB-4DE1-8E23-6C6B84AA2BC6}.Release|iPhone.Build.0 = Release|Any CPU
		{0262216C-D7AB-4DE1-8E23-6C6B84AA2BC6}.Release|iPhoneSimulator.ActiveCfg = Release|Any CPU
		{0262216C-D7AB-4DE1-8E23-6C6B84AA2BC6}.Release|iPhoneSimulator.Build.0 = Release|Any CPU
		{7BF626C0-AD81-42C5-9540-5253F8D7F392}.Debug|Any CPU.ActiveCfg = Debug|Any CPU
		{7BF626C0-AD81-42C5-9540-5253F8D7F392}.Debug|Any CPU.Build.0 = Debug|Any CPU
		{7BF626C0-AD81-42C5-9540-5253F8D7F392}.Debug|iPhone.ActiveCfg = Debug|Any CPU
		{7BF626C0-AD81-42C5-9540-5253F8D7F392}.Debug|iPhone.Build.0 = Debug|Any CPU
		{7BF626C0-AD81-42C5-9540-5253F8D7F392}.Debug|iPhoneSimulator.ActiveCfg = Debug|Any CPU
		{7BF626C0-AD81-42C5-9540-5253F8D7F392}.Debug|iPhoneSimulator.Build.0 = Debug|Any CPU
		{7BF626C0-AD81-42C5-9540-5253F8D7F392}.Release|Any CPU.ActiveCfg = Release|Any CPU
		{7BF626C0-AD81-42C5-9540-5253F8D7F392}.Release|Any CPU.Build.0 = Release|Any CPU
		{7BF626C0-AD81-42C5-9540-5253F8D7F392}.Release|iPhone.ActiveCfg = Release|Any CPU
		{7BF626C0-AD81-42C5-9540-5253F8D7F392}.Release|iPhone.Build.0 = Release|Any CPU
		{7BF626C0-AD81-42C5-9540-5253F8D7F392}.Release|iPhoneSimulator.ActiveCfg = Release|Any CPU
		{7BF626C0-AD81-42C5-9540-5253F8D7F392}.Release|iPhoneSimulator.Build.0 = Release|Any CPU
		{453CBF35-A426-4721-94AB-0A65505C6443}.Debug|Any CPU.ActiveCfg = Debug|Any CPU
		{453CBF35-A426-4721-94AB-0A65505C6443}.Debug|Any CPU.Build.0 = Debug|Any CPU
		{453CBF35-A426-4721-94AB-0A65505C6443}.Debug|iPhone.ActiveCfg = Debug|Any CPU
		{453CBF35-A426-4721-94AB-0A65505C6443}.Debug|iPhone.Build.0 = Debug|Any CPU
		{453CBF35-A426-4721-94AB-0A65505C6443}.Debug|iPhoneSimulator.ActiveCfg = Debug|Any CPU
		{453CBF35-A426-4721-94AB-0A65505C6443}.Debug|iPhoneSimulator.Build.0 = Debug|Any CPU
		{453CBF35-A426-4721-94AB-0A65505C6443}.Release|Any CPU.ActiveCfg = Release|Any CPU
		{453CBF35-A426-4721-94AB-0A65505C6443}.Release|Any CPU.Build.0 = Release|Any CPU
		{453CBF35-A426-4721-94AB-0A65505C6443}.Release|iPhone.ActiveCfg = Release|Any CPU
		{453CBF35-A426-4721-94AB-0A65505C6443}.Release|iPhone.Build.0 = Release|Any CPU
		{453CBF35-A426-4721-94AB-0A65505C6443}.Release|iPhoneSimulator.ActiveCfg = Release|Any CPU
		{453CBF35-A426-4721-94AB-0A65505C6443}.Release|iPhoneSimulator.Build.0 = Release|Any CPU
		{23881DA5-B999-4D71-A094-CBCB0AFBD917}.Debug|Any CPU.ActiveCfg = Debug|Any CPU
		{23881DA5-B999-4D71-A094-CBCB0AFBD917}.Debug|Any CPU.Build.0 = Debug|Any CPU
		{23881DA5-B999-4D71-A094-CBCB0AFBD917}.Debug|iPhone.ActiveCfg = Debug|Any CPU
		{23881DA5-B999-4D71-A094-CBCB0AFBD917}.Debug|iPhone.Build.0 = Debug|Any CPU
		{23881DA5-B999-4D71-A094-CBCB0AFBD917}.Debug|iPhoneSimulator.ActiveCfg = Debug|Any CPU
		{23881DA5-B999-4D71-A094-CBCB0AFBD917}.Debug|iPhoneSimulator.Build.0 = Debug|Any CPU
		{23881DA5-B999-4D71-A094-CBCB0AFBD917}.Release|Any CPU.ActiveCfg = Release|Any CPU
		{23881DA5-B999-4D71-A094-CBCB0AFBD917}.Release|Any CPU.Build.0 = Release|Any CPU
		{23881DA5-B999-4D71-A094-CBCB0AFBD917}.Release|iPhone.ActiveCfg = Release|Any CPU
		{23881DA5-B999-4D71-A094-CBCB0AFBD917}.Release|iPhone.Build.0 = Release|Any CPU
		{23881DA5-B999-4D71-A094-CBCB0AFBD917}.Release|iPhoneSimulator.ActiveCfg = Release|Any CPU
		{23881DA5-B999-4D71-A094-CBCB0AFBD917}.Release|iPhoneSimulator.Build.0 = Release|Any CPU
		{EEEEAFDA-E1D0-427D-8C38-BCB7D3F79C38}.Debug|Any CPU.ActiveCfg = Debug|Any CPU
		{EEEEAFDA-E1D0-427D-8C38-BCB7D3F79C38}.Debug|Any CPU.Build.0 = Debug|Any CPU
		{EEEEAFDA-E1D0-427D-8C38-BCB7D3F79C38}.Debug|Any CPU.Deploy.0 = Debug|Any CPU
		{EEEEAFDA-E1D0-427D-8C38-BCB7D3F79C38}.Debug|iPhone.ActiveCfg = Debug|Any CPU
		{EEEEAFDA-E1D0-427D-8C38-BCB7D3F79C38}.Debug|iPhone.Build.0 = Debug|Any CPU
		{EEEEAFDA-E1D0-427D-8C38-BCB7D3F79C38}.Debug|iPhone.Deploy.0 = Debug|Any CPU
		{EEEEAFDA-E1D0-427D-8C38-BCB7D3F79C38}.Debug|iPhoneSimulator.ActiveCfg = Debug|Any CPU
		{EEEEAFDA-E1D0-427D-8C38-BCB7D3F79C38}.Debug|iPhoneSimulator.Build.0 = Debug|Any CPU
		{EEEEAFDA-E1D0-427D-8C38-BCB7D3F79C38}.Debug|iPhoneSimulator.Deploy.0 = Debug|Any CPU
		{EEEEAFDA-E1D0-427D-8C38-BCB7D3F79C38}.Release|Any CPU.ActiveCfg = Release|Any CPU
		{EEEEAFDA-E1D0-427D-8C38-BCB7D3F79C38}.Release|Any CPU.Build.0 = Release|Any CPU
		{EEEEAFDA-E1D0-427D-8C38-BCB7D3F79C38}.Release|Any CPU.Deploy.0 = Release|Any CPU
		{EEEEAFDA-E1D0-427D-8C38-BCB7D3F79C38}.Release|iPhone.ActiveCfg = Release|Any CPU
		{EEEEAFDA-E1D0-427D-8C38-BCB7D3F79C38}.Release|iPhone.Build.0 = Release|Any CPU
		{EEEEAFDA-E1D0-427D-8C38-BCB7D3F79C38}.Release|iPhone.Deploy.0 = Release|Any CPU
		{EEEEAFDA-E1D0-427D-8C38-BCB7D3F79C38}.Release|iPhoneSimulator.ActiveCfg = Release|Any CPU
		{EEEEAFDA-E1D0-427D-8C38-BCB7D3F79C38}.Release|iPhoneSimulator.Build.0 = Release|Any CPU
		{EEEEAFDA-E1D0-427D-8C38-BCB7D3F79C38}.Release|iPhoneSimulator.Deploy.0 = Release|Any CPU
		{F7B64306-A7C4-42B5-AC34-070A7218F022}.Debug|Any CPU.ActiveCfg = Debug|iPhoneSimulator
		{F7B64306-A7C4-42B5-AC34-070A7218F022}.Debug|Any CPU.Build.0 = Debug|iPhoneSimulator
		{F7B64306-A7C4-42B5-AC34-070A7218F022}.Debug|iPhone.ActiveCfg = Debug|iPhone
		{F7B64306-A7C4-42B5-AC34-070A7218F022}.Debug|iPhone.Build.0 = Debug|iPhone
		{F7B64306-A7C4-42B5-AC34-070A7218F022}.Debug|iPhoneSimulator.ActiveCfg = Debug|iPhoneSimulator
		{F7B64306-A7C4-42B5-AC34-070A7218F022}.Debug|iPhoneSimulator.Build.0 = Debug|iPhoneSimulator
		{F7B64306-A7C4-42B5-AC34-070A7218F022}.Release|Any CPU.ActiveCfg = Release|iPhoneSimulator
		{F7B64306-A7C4-42B5-AC34-070A7218F022}.Release|Any CPU.Build.0 = Release|iPhoneSimulator
		{F7B64306-A7C4-42B5-AC34-070A7218F022}.Release|iPhone.ActiveCfg = Release|iPhone
		{F7B64306-A7C4-42B5-AC34-070A7218F022}.Release|iPhone.Build.0 = Release|iPhone
		{F7B64306-A7C4-42B5-AC34-070A7218F022}.Release|iPhoneSimulator.ActiveCfg = Release|iPhoneSimulator
		{F7B64306-A7C4-42B5-AC34-070A7218F022}.Release|iPhoneSimulator.Build.0 = Release|iPhoneSimulator
		{9C0FDDD8-5B37-419E-A53D-8A2A837C8EDF}.Debug|Any CPU.ActiveCfg = Debug|Any CPU
		{9C0FDDD8-5B37-419E-A53D-8A2A837C8EDF}.Debug|Any CPU.Build.0 = Debug|Any CPU
		{9C0FDDD8-5B37-419E-A53D-8A2A837C8EDF}.Debug|iPhone.ActiveCfg = Debug|Any CPU
		{9C0FDDD8-5B37-419E-A53D-8A2A837C8EDF}.Debug|iPhone.Build.0 = Debug|Any CPU
		{9C0FDDD8-5B37-419E-A53D-8A2A837C8EDF}.Debug|iPhoneSimulator.ActiveCfg = Debug|Any CPU
		{9C0FDDD8-5B37-419E-A53D-8A2A837C8EDF}.Debug|iPhoneSimulator.Build.0 = Debug|Any CPU
		{9C0FDDD8-5B37-419E-A53D-8A2A837C8EDF}.Release|Any CPU.ActiveCfg = Release|Any CPU
		{9C0FDDD8-5B37-419E-A53D-8A2A837C8EDF}.Release|Any CPU.Build.0 = Release|Any CPU
		{9C0FDDD8-5B37-419E-A53D-8A2A837C8EDF}.Release|iPhone.ActiveCfg = Release|Any CPU
		{9C0FDDD8-5B37-419E-A53D-8A2A837C8EDF}.Release|iPhone.Build.0 = Release|Any CPU
		{9C0FDDD8-5B37-419E-A53D-8A2A837C8EDF}.Release|iPhoneSimulator.ActiveCfg = Release|Any CPU
		{9C0FDDD8-5B37-419E-A53D-8A2A837C8EDF}.Release|iPhoneSimulator.Build.0 = Release|Any CPU
		{CB26CAB4-318F-4FA5-BDA9-F03D72AD1BFF}.Debug|Any CPU.ActiveCfg = Debug|Any CPU
		{CB26CAB4-318F-4FA5-BDA9-F03D72AD1BFF}.Debug|Any CPU.Build.0 = Debug|Any CPU
		{CB26CAB4-318F-4FA5-BDA9-F03D72AD1BFF}.Debug|iPhone.ActiveCfg = Debug|Any CPU
		{CB26CAB4-318F-4FA5-BDA9-F03D72AD1BFF}.Debug|iPhone.Build.0 = Debug|Any CPU
		{CB26CAB4-318F-4FA5-BDA9-F03D72AD1BFF}.Debug|iPhoneSimulator.ActiveCfg = Debug|Any CPU
		{CB26CAB4-318F-4FA5-BDA9-F03D72AD1BFF}.Debug|iPhoneSimulator.Build.0 = Debug|Any CPU
		{CB26CAB4-318F-4FA5-BDA9-F03D72AD1BFF}.Release|Any CPU.ActiveCfg = Release|Any CPU
		{CB26CAB4-318F-4FA5-BDA9-F03D72AD1BFF}.Release|Any CPU.Build.0 = Release|Any CPU
		{CB26CAB4-318F-4FA5-BDA9-F03D72AD1BFF}.Release|iPhone.ActiveCfg = Release|Any CPU
		{CB26CAB4-318F-4FA5-BDA9-F03D72AD1BFF}.Release|iPhone.Build.0 = Release|Any CPU
		{CB26CAB4-318F-4FA5-BDA9-F03D72AD1BFF}.Release|iPhoneSimulator.ActiveCfg = Release|Any CPU
		{CB26CAB4-318F-4FA5-BDA9-F03D72AD1BFF}.Release|iPhoneSimulator.Build.0 = Release|Any CPU
	EndGlobalSection
	GlobalSection(SolutionProperties) = preSolution
		HideSolutionNode = FALSE
	EndGlobalSection
	GlobalSection(ExtensibilityGlobals) = postSolution
		SolutionGuid = {41867800-1FC3-429A-A549-0A01A632AF7D}
	EndGlobalSection
EndGlobal
