
Microsoft Visual Studio Solution File, Format Version 12.00
# Visual Studio Version 17
VisualStudioVersion = 17.4.33213.308
MinimumVisualStudioVersion = 10.0.40219.1
Project("{9A19103F-16F7-4668-BE54-9A1E7A4F7556}") = "Code Prototype", "Code Prototype\Code Prototype.csproj", "{0262216C-D7AB-4DE1-8E23-6C6B84AA2BC6}"
EndProject
Project("{FAE04EC0-301F-11D3-BF4B-00C04F79EFBC}") = "Server", "server\Server.csproj", "{7BF626C0-AD81-42C5-9540-5253F8D7F392}"
EndProject
Project("{9A19103F-16F7-4668-BE54-9A1E7A4F7556}") = "Sample_Client_Test", "Sample_Client_Test\Sample_Client_Test.csproj", "{453CBF35-A426-4721-94AB-0A65505C6443}"
EndProject
Project("{888888A0-9F3D-457C-B088-3A5042F75D52}") = "Server_LAVIS_ImageToText", "Server_LAVIS_ImageToText\Server_LAVIS_ImageToText.pyproj", "{3619A75B-6B4E-4C2D-AC01-D838A038064D}"
EndProject
Project("{FAE04EC0-301F-11D3-BF4B-00C04F79EFBC}") = "FinalDesign.Android", "FinalDesign\FinalDesign.Android\FinalDesign.Android.csproj", "{61112879-D966-43C4-9AEC-6570DCFED5BB}"
EndProject
Project("{FAE04EC0-301F-11D3-BF4B-00C04F79EFBC}") = "FinalDesign.iOS", "FinalDesign\FinalDesign.iOS\FinalDesign.iOS.csproj", "{428DB99B-FEFF-4A60-BBDB-FE714FEFD34D}"
EndProject
Project("{FAE04EC0-301F-11D3-BF4B-00C04F79EFBC}") = "FinalDesign", "FinalDesign\FinalDesign\FinalDesign.csproj", "{E5F378C3-3FB2-46B0-BFD3-751261B8864A}"
EndProject
Global
	GlobalSection(SolutionConfigurationPlatforms) = preSolution
		Debug|Any CPU = Debug|Any CPU
		Debug|iPhone = Debug|iPhone
		Debug|iPhoneSimulator = Debug|iPhoneSimulator
		Release|Any CPU = Release|Any CPU
		Release|iPhone = Release|iPhone
		Release|iPhoneSimulator = Release|iPhoneSimulator
	EndGlobalSection
	GlobalSection(ProjectConfigurationPlatforms) = postSolution
		{0262216C-D7AB-4DE1-8E23-6C6B84AA2BC6}.Debug|Any CPU.ActiveCfg = Debug|Any CPU
		{0262216C-D7AB-4DE1-8E23-6C6B84AA2BC6}.Debug|Any CPU.Build.0 = Debug|Any CPU
		{0262216C-D7AB-4DE1-8E23-6C6B84AA2BC6}.Debug|iPhone.ActiveCfg = Debug|Any CPU
		{0262216C-D7AB-4DE1-8E23-6C6B84AA2BC6}.Debug|iPhone.Build.0 = Debug|Any CPU
		{0262216C-D7AB-4DE1-8E23-6C6B84AA2BC6}.Debug|iPhoneSimulator.ActiveCfg = Debug|Any CPU
		{0262216C-D7AB-4DE1-8E23-6C6B84AA2BC6}.Debug|iPhoneSimulator.Build.0 = Debug|Any CPU
		{0262216C-D7AB-4DE1-8E23-6C6B84AA2BC6}.Release|Any CPU.ActiveCfg = Release|Any CPU
		{0262216C-D7AB-4DE1-8E23-6C6B84AA2BC6}.Release|Any CPU.Build.0 = Release|Any CPU
		{0262216C-D7AB-4DE1-8E23-6C6B84AA2BC6}.Release|iPhone.ActiveCfg = Release|Any CPU
		{0262216C-D7AB-4DE1-8E23-6C6B84AA2BC6}.Release|iPhone.Build.0 = Release|Any CPU
		{0262216C-D7AB-4DE1-8E23-6C6B84AA2BC6}.Release|iPhoneSimulator.ActiveCfg = Release|Any CPU
		{0262216C-D7AB-4DE1-8E23-6C6B84AA2BC6}.Release|iPhoneSimulator.Build.0 = Release|Any CPU
		{7BF626C0-AD81-42C5-9540-5253F8D7F392}.Debug|Any CPU.ActiveCfg = Debug|Any CPU
		{7BF626C0-AD81-42C5-9540-5253F8D7F392}.Debug|Any CPU.Build.0 = Debug|Any CPU
		{7BF626C0-AD81-42C5-9540-5253F8D7F392}.Debug|iPhone.ActiveCfg = Debug|Any CPU
		{7BF626C0-AD81-42C5-9540-5253F8D7F392}.Debug|iPhone.Build.0 = Debug|Any CPU
		{7BF626C0-AD81-42C5-9540-5253F8D7F392}.Debug|iPhoneSimulator.ActiveCfg = Debug|Any CPU
		{7BF626C0-AD81-42C5-9540-5253F8D7F392}.Debug|iPhoneSimulator.Build.0 = Debug|Any CPU
		{7BF626C0-AD81-42C5-9540-5253F8D7F392}.Release|Any CPU.ActiveCfg = Release|Any CPU
		{7BF626C0-AD81-42C5-9540-5253F8D7F392}.Release|Any CPU.Build.0 = Release|Any CPU
		{7BF626C0-AD81-42C5-9540-5253F8D7F392}.Release|iPhone.ActiveCfg = Release|Any CPU
		{7BF626C0-AD81-42C5-9540-5253F8D7F392}.Release|iPhone.Build.0 = Release|Any CPU
		{7BF626C0-AD81-42C5-9540-5253F8D7F392}.Release|iPhoneSimulator.ActiveCfg = Release|Any CPU
		{7BF626C0-AD81-42C5-9540-5253F8D7F392}.Release|iPhoneSimulator.Build.0 = Release|Any CPU
		{453CBF35-A426-4721-94AB-0A65505C6443}.Debug|Any CPU.ActiveCfg = Debug|Any CPU
		{453CBF35-A426-4721-94AB-0A65505C6443}.Debug|Any CPU.Build.0 = Debug|Any CPU
		{453CBF35-A426-4721-94AB-0A65505C6443}.Debug|iPhone.ActiveCfg = Debug|Any CPU
		{453CBF35-A426-4721-94AB-0A65505C6443}.Debug|iPhone.Build.0 = Debug|Any CPU
		{453CBF35-A426-4721-94AB-0A65505C6443}.Debug|iPhoneSimulator.ActiveCfg = Debug|Any CPU
		{453CBF35-A426-4721-94AB-0A65505C6443}.Debug|iPhoneSimulator.Build.0 = Debug|Any CPU
		{453CBF35-A426-4721-94AB-0A65505C6443}.Release|Any CPU.ActiveCfg = Release|Any CPU
		{453CBF35-A426-4721-94AB-0A65505C6443}.Release|Any CPU.Build.0 = Release|Any CPU
		{453CBF35-A426-4721-94AB-0A65505C6443}.Release|iPhone.ActiveCfg = Release|Any CPU
		{453CBF35-A426-4721-94AB-0A65505C6443}.Release|iPhone.Build.0 = Release|Any CPU
		{453CBF35-A426-4721-94AB-0A65505C6443}.Release|iPhoneSimulator.ActiveCfg = Release|Any CPU
		{453CBF35-A426-4721-94AB-0A65505C6443}.Release|iPhoneSimulator.Build.0 = Release|Any CPU
		{3619A75B-6B4E-4C2D-AC01-D838A038064D}.Debug|Any CPU.ActiveCfg = Debug|Any CPU
		{3619A75B-6B4E-4C2D-AC01-D838A038064D}.Debug|iPhone.ActiveCfg = Debug|Any CPU
		{3619A75B-6B4E-4C2D-AC01-D838A038064D}.Debug|iPhoneSimulator.ActiveCfg = Debug|Any CPU
		{3619A75B-6B4E-4C2D-AC01-D838A038064D}.Release|Any CPU.ActiveCfg = Release|Any CPU
		{3619A75B-6B4E-4C2D-AC01-D838A038064D}.Release|iPhone.ActiveCfg = Release|Any CPU
		{3619A75B-6B4E-4C2D-AC01-D838A038064D}.Release|iPhoneSimulator.ActiveCfg = Release|Any CPU
		{61112879-D966-43C4-9AEC-6570DCFED5BB}.Debug|Any CPU.ActiveCfg = Debug|Any CPU
		{61112879-D966-43C4-9AEC-6570DCFED5BB}.Debug|Any CPU.Build.0 = Debug|Any CPU
		{61112879-D966-43C4-9AEC-6570DCFED5BB}.Debug|iPhone.ActiveCfg = Debug|Any CPU
		{61112879-D966-43C4-9AEC-6570DCFED5BB}.Debug|iPhone.Build.0 = Debug|Any CPU
		{61112879-D966-43C4-9AEC-6570DCFED5BB}.Debug|iPhoneSimulator.ActiveCfg = Debug|Any CPU
		{61112879-D966-43C4-9AEC-6570DCFED5BB}.Debug|iPhoneSimulator.Build.0 = Debug|Any CPU
		{61112879-D966-43C4-9AEC-6570DCFED5BB}.Release|Any CPU.ActiveCfg = Release|Any CPU
		{61112879-D966-43C4-9AEC-6570DCFED5BB}.Release|Any CPU.Build.0 = Release|Any CPU
		{61112879-D966-43C4-9AEC-6570DCFED5BB}.Release|iPhone.ActiveCfg = Release|Any CPU
		{61112879-D966-43C4-9AEC-6570DCFED5BB}.Release|iPhone.Build.0 = Release|Any CPU
		{61112879-D966-43C4-9AEC-6570DCFED5BB}.Release|iPhoneSimulator.ActiveCfg = Release|Any CPU
		{61112879-D966-43C4-9AEC-6570DCFED5BB}.Release|iPhoneSimulator.Build.0 = Release|Any CPU
		{428DB99B-FEFF-4A60-BBDB-FE714FEFD34D}.Debug|Any CPU.ActiveCfg = Debug|iPhoneSimulator
		{428DB99B-FEFF-4A60-BBDB-FE714FEFD34D}.Debug|Any CPU.Build.0 = Debug|iPhoneSimulator
		{428DB99B-FEFF-4A60-BBDB-FE714FEFD34D}.Debug|iPhone.ActiveCfg = Debug|iPhone
		{428DB99B-FEFF-4A60-BBDB-FE714FEFD34D}.Debug|iPhone.Build.0 = Debug|iPhone
		{428DB99B-FEFF-4A60-BBDB-FE714FEFD34D}.Debug|iPhoneSimulator.ActiveCfg = Debug|iPhoneSimulator
		{428DB99B-FEFF-4A60-BBDB-FE714FEFD34D}.Debug|iPhoneSimulator.Build.0 = Debug|iPhoneSimulator
		{428DB99B-FEFF-4A60-BBDB-FE714FEFD34D}.Release|Any CPU.ActiveCfg = Release|iPhoneSimulator
		{428DB99B-FEFF-4A60-BBDB-FE714FEFD34D}.Release|Any CPU.Build.0 = Release|iPhoneSimulator
		{428DB99B-FEFF-4A60-BBDB-FE714FEFD34D}.Release|iPhone.ActiveCfg = Release|iPhone
		{428DB99B-FEFF-4A60-BBDB-FE714FEFD34D}.Release|iPhone.Build.0 = Release|iPhone
		{428DB99B-FEFF-4A60-BBDB-FE714FEFD34D}.Release|iPhoneSimulator.ActiveCfg = Release|iPhoneSimulator
		{428DB99B-FEFF-4A60-BBDB-FE714FEFD34D}.Release|iPhoneSimulator.Build.0 = Release|iPhoneSimulator
		{E5F378C3-3FB2-46B0-BFD3-751261B8864A}.Debug|Any CPU.ActiveCfg = Debug|Any CPU
		{E5F378C3-3FB2-46B0-BFD3-751261B8864A}.Debug|Any CPU.Build.0 = Debug|Any CPU
		{E5F378C3-3FB2-46B0-BFD3-751261B8864A}.Debug|iPhone.ActiveCfg = Debug|Any CPU
		{E5F378C3-3FB2-46B0-BFD3-751261B8864A}.Debug|iPhone.Build.0 = Debug|Any CPU
		{E5F378C3-3FB2-46B0-BFD3-751261B8864A}.Debug|iPhoneSimulator.ActiveCfg = Debug|Any CPU
		{E5F378C3-3FB2-46B0-BFD3-751261B8864A}.Debug|iPhoneSimulator.Build.0 = Debug|Any CPU
		{E5F378C3-3FB2-46B0-BFD3-751261B8864A}.Release|Any CPU.ActiveCfg = Release|Any CPU
		{E5F378C3-3FB2-46B0-BFD3-751261B8864A}.Release|Any CPU.Build.0 = Release|Any CPU
		{E5F378C3-3FB2-46B0-BFD3-751261B8864A}.Release|iPhone.ActiveCfg = Release|Any CPU
		{E5F378C3-3FB2-46B0-BFD3-751261B8864A}.Release|iPhone.Build.0 = Release|Any CPU
		{E5F378C3-3FB2-46B0-BFD3-751261B8864A}.Release|iPhoneSimulator.ActiveCfg = Release|Any CPU
		{E5F378C3-3FB2-46B0-BFD3-751261B8864A}.Release|iPhoneSimulator.Build.0 = Release|Any CPU
	EndGlobalSection
	GlobalSection(SolutionProperties) = preSolution
		HideSolutionNode = FALSE
	EndGlobalSection
	GlobalSection(ExtensibilityGlobals) = postSolution
		SolutionGuid = {41867800-1FC3-429A-A549-0A01A632AF7D}
	EndGlobalSection
EndGlobal
