
Microsoft Visual Studio Solution File, Format Version 12.00
# Visual Studio Version 17
VisualStudioVersion = 17.4.33213.308
MinimumVisualStudioVersion = 10.0.40219.1
Project("{FAE04EC0-301F-11D3-BF4B-00C04F79EFBC}") = "Server", "server\Server.csproj", "{7BF626C0-AD81-42C5-9540-5253F8D7F392}"
EndProject
Project("{888888A0-9F3D-457C-B088-3A5042F75D52}") = "Server_LAVIS_ImageToText", "Server_LAVIS_ImageToText\Server_LAVIS_ImageToText.pyproj", "{3619A75B-6B4E-4C2D-AC01-D838A038064D}"
EndProject
Project("{FAE04EC0-301F-11D3-BF4B-00C04F79EFBC}") = "AIClient.Android", "AIClient\AIClient.Android\AIClient.Android.csproj", "{03EABFEC-83C6-4BAD-B357-3C699E21F079}"
EndProject
Project("{FAE04EC0-301F-11D3-BF4B-00C04F79EFBC}") = "AIClient.iOS", "AIClient\AIClient.iOS\AIClient.iOS.csproj", "{5B1D70C6-30C1-4D28-858A-69F971171E32}"
EndProject
Project("{9A19103F-16F7-4668-BE54-9A1E7A4F7556}") = "AIClient", "AIClient\AIClient\AIClient.csproj", "{B53EDF9B-FC3C-4089-B831-E0E4AFC60CB3}"
EndProject
Project("{FAE04EC0-301F-11D3-BF4B-00C04F79EFBC}") = "ServerStub", "ServerStub\ServerStub.csproj", "{68919592-EEDF-4EAF-81BC-6B81D511690E}"
EndProject
Global
	GlobalSection(SolutionConfigurationPlatforms) = preSolution
		Debug|Any CPU = Debug|Any CPU
		Debug|iPhone = Debug|iPhone
		Debug|iPhoneSimulator = Debug|iPhoneSimulator
		Release|Any CPU = Release|Any CPU
		Release|iPhone = Release|iPhone
		Release|iPhoneSimulator = Release|iPhoneSimulator
	EndGlobalSection
	GlobalSection(ProjectConfigurationPlatforms) = postSolution
		{7BF626C0-AD81-42C5-9540-5253F8D7F392}.Debug|Any CPU.ActiveCfg = Debug|Any CPU
		{7BF626C0-AD81-42C5-9540-5253F8D7F392}.Debug|Any CPU.Build.0 = Debug|Any CPU
		{7BF626C0-AD81-42C5-9540-5253F8D7F392}.Debug|iPhone.ActiveCfg = Debug|Any CPU
		{7BF626C0-AD81-42C5-9540-5253F8D7F392}.Debug|iPhone.Build.0 = Debug|Any CPU
		{7BF626C0-AD81-42C5-9540-5253F8D7F392}.Debug|iPhoneSimulator.ActiveCfg = Debug|Any CPU
		{7BF626C0-AD81-42C5-9540-5253F8D7F392}.Debug|iPhoneSimulator.Build.0 = Debug|Any CPU
		{7BF626C0-AD81-42C5-9540-5253F8D7F392}.Release|Any CPU.ActiveCfg = Release|Any CPU
		{7BF626C0-AD81-42C5-9540-5253F8D7F392}.Release|Any CPU.Build.0 = Release|Any CPU
		{7BF626C0-AD81-42C5-9540-5253F8D7F392}.Release|iPhone.ActiveCfg = Release|Any CPU
		{7BF626C0-AD81-42C5-9540-5253F8D7F392}.Release|iPhone.Build.0 = Release|Any CPU
		{7BF626C0-AD81-42C5-9540-5253F8D7F392}.Release|iPhoneSimulator.ActiveCfg = Release|Any CPU
		{7BF626C0-AD81-42C5-9540-5253F8D7F392}.Release|iPhoneSimulator.Build.0 = Release|Any CPU
		{3619A75B-6B4E-4C2D-AC01-D838A038064D}.Debug|Any CPU.ActiveCfg = Debug|Any CPU
		{3619A75B-6B4E-4C2D-AC01-D838A038064D}.Debug|iPhone.ActiveCfg = Debug|Any CPU
		{3619A75B-6B4E-4C2D-AC01-D838A038064D}.Debug|iPhoneSimulator.ActiveCfg = Debug|Any CPU
		{3619A75B-6B4E-4C2D-AC01-D838A038064D}.Release|Any CPU.ActiveCfg = Release|Any CPU
		{3619A75B-6B4E-4C2D-AC01-D838A038064D}.Release|iPhone.ActiveCfg = Release|Any CPU
		{3619A75B-6B4E-4C2D-AC01-D838A038064D}.Release|iPhoneSimulator.ActiveCfg = Release|Any CPU
		{03EABFEC-83C6-4BAD-B357-3C699E21F079}.Debug|Any CPU.ActiveCfg = Debug|Any CPU
		{03EABFEC-83C6-4BAD-B357-3C699E21F079}.Debug|Any CPU.Build.0 = Debug|Any CPU
		{03EABFEC-83C6-4BAD-B357-3C699E21F079}.Debug|Any CPU.Deploy.0 = Debug|Any CPU
		{03EABFEC-83C6-4BAD-B357-3C699E21F079}.Debug|iPhone.ActiveCfg = Debug|Any CPU
		{03EABFEC-83C6-4BAD-B357-3C699E21F079}.Debug|iPhone.Build.0 = Debug|Any CPU
		{03EABFEC-83C6-4BAD-B357-3C699E21F079}.Debug|iPhone.Deploy.0 = Debug|Any CPU
		{03EABFEC-83C6-4BAD-B357-3C699E21F079}.Debug|iPhoneSimulator.ActiveCfg = Debug|Any CPU
		{03EABFEC-83C6-4BAD-B357-3C699E21F079}.Debug|iPhoneSimulator.Build.0 = Debug|Any CPU
		{03EABFEC-83C6-4BAD-B357-3C699E21F079}.Debug|iPhoneSimulator.Deploy.0 = Debug|Any CPU
		{03EABFEC-83C6-4BAD-B357-3C699E21F079}.Release|Any CPU.ActiveCfg = Release|Any CPU
		{03EABFEC-83C6-4BAD-B357-3C699E21F079}.Release|Any CPU.Build.0 = Release|Any CPU
		{03EABFEC-83C6-4BAD-B357-3C699E21F079}.Release|Any CPU.Deploy.0 = Release|Any CPU
		{03EABFEC-83C6-4BAD-B357-3C699E21F079}.Release|iPhone.ActiveCfg = Release|Any CPU
		{03EABFEC-83C6-4BAD-B357-3C699E21F079}.Release|iPhone.Build.0 = Release|Any CPU
		{03EABFEC-83C6-4BAD-B357-3C699E21F079}.Release|iPhone.Deploy.0 = Release|Any CPU
		{03EABFEC-83C6-4BAD-B357-3C699E21F079}.Release|iPhoneSimulator.ActiveCfg = Release|Any CPU
		{03EABFEC-83C6-4BAD-B357-3C699E21F079}.Release|iPhoneSimulator.Build.0 = Release|Any CPU
		{03EABFEC-83C6-4BAD-B357-3C699E21F079}.Release|iPhoneSimulator.Deploy.0 = Release|Any CPU
		{5B1D70C6-30C1-4D28-858A-69F971171E32}.Debug|Any CPU.ActiveCfg = Debug|iPhoneSimulator
		{5B1D70C6-30C1-4D28-858A-69F971171E32}.Debug|Any CPU.Build.0 = Debug|iPhoneSimulator
		{5B1D70C6-30C1-4D28-858A-69F971171E32}.Debug|iPhone.ActiveCfg = Debug|iPhone
		{5B1D70C6-30C1-4D28-858A-69F971171E32}.Debug|iPhone.Build.0 = Debug|iPhone
		{5B1D70C6-30C1-4D28-858A-69F971171E32}.Debug|iPhoneSimulator.ActiveCfg = Debug|iPhoneSimulator
		{5B1D70C6-30C1-4D28-858A-69F971171E32}.Debug|iPhoneSimulator.Build.0 = Debug|iPhoneSimulator
		{5B1D70C6-30C1-4D28-858A-69F971171E32}.Release|Any CPU.ActiveCfg = Release|iPhoneSimulator
		{5B1D70C6-30C1-4D28-858A-69F971171E32}.Release|Any CPU.Build.0 = Release|iPhoneSimulator
		{5B1D70C6-30C1-4D28-858A-69F971171E32}.Release|iPhone.ActiveCfg = Release|iPhone
		{5B1D70C6-30C1-4D28-858A-69F971171E32}.Release|iPhone.Build.0 = Release|iPhone
		{5B1D70C6-30C1-4D28-858A-69F971171E32}.Release|iPhoneSimulator.ActiveCfg = Release|iPhoneSimulator
		{5B1D70C6-30C1-4D28-858A-69F971171E32}.Release|iPhoneSimulator.Build.0 = Release|iPhoneSimulator
		{B53EDF9B-FC3C-4089-B831-E0E4AFC60CB3}.Debug|Any CPU.ActiveCfg = Debug|Any CPU
		{B53EDF9B-FC3C-4089-B831-E0E4AFC60CB3}.Debug|Any CPU.Build.0 = Debug|Any CPU
		{B53EDF9B-FC3C-4089-B831-E0E4AFC60CB3}.Debug|iPhone.ActiveCfg = Debug|Any CPU
		{B53EDF9B-FC3C-4089-B831-E0E4AFC60CB3}.Debug|iPhone.Build.0 = Debug|Any CPU
		{B53EDF9B-FC3C-4089-B831-E0E4AFC60CB3}.Debug|iPhoneSimulator.ActiveCfg = Debug|Any CPU
		{B53EDF9B-FC3C-4089-B831-E0E4AFC60CB3}.Debug|iPhoneSimulator.Build.0 = Debug|Any CPU
		{B53EDF9B-FC3C-4089-B831-E0E4AFC60CB3}.Release|Any CPU.ActiveCfg = Release|Any CPU
		{B53EDF9B-FC3C-4089-B831-E0E4AFC60CB3}.Release|Any CPU.Build.0 = Release|Any CPU
		{B53EDF9B-FC3C-4089-B831-E0E4AFC60CB3}.Release|iPhone.ActiveCfg = Release|Any CPU
		{B53EDF9B-FC3C-4089-B831-E0E4AFC60CB3}.Release|iPhone.Build.0 = Release|Any CPU
		{B53EDF9B-FC3C-4089-B831-E0E4AFC60CB3}.Release|iPhoneSimulator.ActiveCfg = Release|Any CPU
		{B53EDF9B-FC3C-4089-B831-E0E4AFC60CB3}.Release|iPhoneSimulator.Build.0 = Release|Any CPU
		{68919592-EEDF-4EAF-81BC-6B81D511690E}.Debug|Any CPU.ActiveCfg = Debug|Any CPU
		{68919592-EEDF-4EAF-81BC-6B81D511690E}.Debug|Any CPU.Build.0 = Debug|Any CPU
		{68919592-EEDF-4EAF-81BC-6B81D511690E}.Debug|iPhone.ActiveCfg = Debug|Any CPU
		{68919592-EEDF-4EAF-81BC-6B81D511690E}.Debug|iPhone.Build.0 = Debug|Any CPU
		{68919592-EEDF-4EAF-81BC-6B81D511690E}.Debug|iPhoneSimulator.ActiveCfg = Debug|Any CPU
		{68919592-EEDF-4EAF-81BC-6B81D511690E}.Debug|iPhoneSimulator.Build.0 = Debug|Any CPU
		{68919592-EEDF-4EAF-81BC-6B81D511690E}.Release|Any CPU.ActiveCfg = Release|Any CPU
		{68919592-EEDF-4EAF-81BC-6B81D511690E}.Release|Any CPU.Build.0 = Release|Any CPU
		{68919592-EEDF-4EAF-81BC-6B81D511690E}.Release|iPhone.ActiveCfg = Release|Any CPU
		{68919592-EEDF-4EAF-81BC-6B81D511690E}.Release|iPhone.Build.0 = Release|Any CPU
		{68919592-EEDF-4EAF-81BC-6B81D511690E}.Release|iPhoneSimulator.ActiveCfg = Release|Any CPU
		{68919592-EEDF-4EAF-81BC-6B81D511690E}.Release|iPhoneSimulator.Build.0 = Release|Any CPU
	EndGlobalSection
	GlobalSection(SolutionProperties) = preSolution
		HideSolutionNode = FALSE
	EndGlobalSection
	GlobalSection(ExtensibilityGlobals) = postSolution
		SolutionGuid = {41867800-1FC3-429A-A549-0A01A632AF7D}
	EndGlobalSection
EndGlobal
